
Microsoft Visual Studio Solution File, Format Version 12.00
# Visual Studio Version 16
Project("{8BC9CEB8-8B4A-11D0-8D11-00A0C91BC942}") = "ALL_BUILD", "ALL_BUILD.vcxproj", "{8C8E430C-D7CF-3A99-AF40-813A4D2EABAE}"
	ProjectSection(ProjectDependencies) = postProject
		{5EE05D70-2DA0-34A5-A9E6-5A5C3C089189} = {5EE05D70-2DA0-34A5-A9E6-5A5C3C089189}
		{D1D6D9D9-F470-3842-B69E-BB5B4BC7360B} = {D1D6D9D9-F470-3842-B69E-BB5B4BC7360B}
		{63C00217-91F8-3540-8711-6A9DE2C2CF15} = {63C00217-91F8-3540-8711-6A9DE2C2CF15}
		{61414694-4484-35F2-839E-ECBC54E54043} = {61414694-4484-35F2-839E-ECBC54E54043}
		{647E09BC-D25F-3EDC-ADD0-0A0A0864CE9C} = {647E09BC-D25F-3EDC-ADD0-0A0A0864CE9C}
		{A05065E2-0028-3E74-BCAA-666CF05315B1} = {A05065E2-0028-3E74-BCAA-666CF05315B1}
		{95FFEC06-3D39-3650-B76F-12816C84F1D0} = {95FFEC06-3D39-3650-B76F-12816C84F1D0}
		{D2E7B95D-AEEA-3C9D-8E3C-52888E6C1E8E} = {D2E7B95D-AEEA-3C9D-8E3C-52888E6C1E8E}
		{ADB146F4-47EC-35C1-BAD0-9BA5FF3AC77F} = {ADB146F4-47EC-35C1-BAD0-9BA5FF3AC77F}
		{BDD73B33-D015-3ECC-A88D-A817834A215B} = {BDD73B33-D015-3ECC-A88D-A817834A215B}
		{15A088B3-62C0-328C-92CC-1D3927B9EFA8} = {15A088B3-62C0-328C-92CC-1D3927B9EFA8}
		{D1D1611B-D735-385C-A735-C02D6399FC0B} = {D1D1611B-D735-385C-A735-C02D6399FC0B}
		{C6B8CE50-80D6-3DDC-9960-9F7FF2047E4E} = {C6B8CE50-80D6-3DDC-9960-9F7FF2047E4E}
		{66886050-7A75-32D3-AD1B-A84B0EE1CC4D} = {66886050-7A75-32D3-AD1B-A84B0EE1CC4D}
		{06FE06CA-1ED3-3667-A9D1-974C49FE98C2} = {06FE06CA-1ED3-3667-A9D1-974C49FE98C2}
	EndProjectSection
EndProject
Project("{8BC9CEB8-8B4A-11D0-8D11-00A0C91BC942}") = "Continuous", "Continuous.vcxproj", "{ADAE668B-8478-346A-8792-8E44A4DC7C8D}"
	ProjectSection(ProjectDependencies) = postProject
		{5EE05D70-2DA0-34A5-A9E6-5A5C3C089189} = {5EE05D70-2DA0-34A5-A9E6-5A5C3C089189}
	EndProjectSection
EndProject
Project("{8BC9CEB8-8B4A-11D0-8D11-00A0C91BC942}") = "Experimental", "Experimental.vcxproj", "{BA1C0123-A1F1-3C55-9FA5-EA98D330EFA3}"
	ProjectSection(ProjectDependencies) = postProject
		{5EE05D70-2DA0-34A5-A9E6-5A5C3C089189} = {5EE05D70-2DA0-34A5-A9E6-5A5C3C089189}
	EndProjectSection
EndProject
Project("{8BC9CEB8-8B4A-11D0-8D11-00A0C91BC942}") = "INSTALL", "INSTALL.vcxproj", "{E448B294-FE1B-350B-A06F-8ADB7E31246B}"
	ProjectSection(ProjectDependencies) = postProject
		{8C8E430C-D7CF-3A99-AF40-813A4D2EABAE} = {8C8E430C-D7CF-3A99-AF40-813A4D2EABAE}
		{5EE05D70-2DA0-34A5-A9E6-5A5C3C089189} = {5EE05D70-2DA0-34A5-A9E6-5A5C3C089189}
	EndProjectSection
EndProject
Project("{8BC9CEB8-8B4A-11D0-8D11-00A0C91BC942}") = "Nightly", "Nightly.vcxproj", "{8BEDB580-D660-323D-8C73-D7226BAA5CFA}"
	ProjectSection(ProjectDependencies) = postProject
		{5EE05D70-2DA0-34A5-A9E6-5A5C3C089189} = {5EE05D70-2DA0-34A5-A9E6-5A5C3C089189}
	EndProjectSection
EndProject
Project("{8BC9CEB8-8B4A-11D0-8D11-00A0C91BC942}") = "NightlyMemoryCheck", "NightlyMemoryCheck.vcxproj", "{15D54093-81EC-3477-BF18-A3827ECB1BCC}"
	ProjectSection(ProjectDependencies) = postProject
		{5EE05D70-2DA0-34A5-A9E6-5A5C3C089189} = {5EE05D70-2DA0-34A5-A9E6-5A5C3C089189}
	EndProjectSection
EndProject
Project("{8BC9CEB8-8B4A-11D0-8D11-00A0C91BC942}") = "RUN_TESTS", "RUN_TESTS.vcxproj", "{186B34EF-126B-31E4-B394-73D14AF5E77A}"
	ProjectSection(ProjectDependencies) = postProject
		{5EE05D70-2DA0-34A5-A9E6-5A5C3C089189} = {5EE05D70-2DA0-34A5-A9E6-5A5C3C089189}
	EndProjectSection
EndProject
Project("{8BC9CEB8-8B4A-11D0-8D11-00A0C91BC942}") = "ZERO_CHECK", "ZERO_CHECK.vcxproj", "{5EE05D70-2DA0-34A5-A9E6-5A5C3C089189}"
	ProjectSection(ProjectDependencies) = postProject
	EndProjectSection
EndProject
Project("{8BC9CEB8-8B4A-11D0-8D11-00A0C91BC942}") = "example-deconstructor", "tests\example-deconstructor.vcxproj", "{D1D6D9D9-F470-3842-B69E-BB5B4BC7360B}"
	ProjectSection(ProjectDependencies) = postProject
		{5EE05D70-2DA0-34A5-A9E6-5A5C3C089189} = {5EE05D70-2DA0-34A5-A9E6-5A5C3C089189}
		{06FE06CA-1ED3-3667-A9D1-974C49FE98C2} = {06FE06CA-1ED3-3667-A9D1-974C49FE98C2}
	EndProjectSection
EndProject
Project("{8BC9CEB8-8B4A-11D0-8D11-00A0C91BC942}") = "example-deconstructor-alt", "tests\example-deconstructor-alt.vcxproj", "{63C00217-91F8-3540-8711-6A9DE2C2CF15}"
	ProjectSection(ProjectDependencies) = postProject
		{5EE05D70-2DA0-34A5-A9E6-5A5C3C089189} = {5EE05D70-2DA0-34A5-A9E6-5A5C3C089189}
		{06FE06CA-1ED3-3667-A9D1-974C49FE98C2} = {06FE06CA-1ED3-3667-A9D1-974C49FE98C2}
	EndProjectSection
EndProject
Project("{8BC9CEB8-8B4A-11D0-8D11-00A0C91BC942}") = "example-reformatter", "tests\example-reformatter.vcxproj", "{61414694-4484-35F2-839E-ECBC54E54043}"
	ProjectSection(ProjectDependencies) = postProject
		{5EE05D70-2DA0-34A5-A9E6-5A5C3C089189} = {5EE05D70-2DA0-34A5-A9E6-5A5C3C089189}
		{06FE06CA-1ED3-3667-A9D1-974C49FE98C2} = {06FE06CA-1ED3-3667-A9D1-974C49FE98C2}
	EndProjectSection
EndProject
Project("{8BC9CEB8-8B4A-11D0-8D11-00A0C91BC942}") = "example-reformatter-alt", "tests\example-reformatter-alt.vcxproj", "{647E09BC-D25F-3EDC-ADD0-0A0A0864CE9C}"
	ProjectSection(ProjectDependencies) = postProject
		{5EE05D70-2DA0-34A5-A9E6-5A5C3C089189} = {5EE05D70-2DA0-34A5-A9E6-5A5C3C089189}
		{06FE06CA-1ED3-3667-A9D1-974C49FE98C2} = {06FE06CA-1ED3-3667-A9D1-974C49FE98C2}
	EndProjectSection
EndProject
Project("{8BC9CEB8-8B4A-11D0-8D11-00A0C91BC942}") = "run-dumper", "tests\run-dumper.vcxproj", "{A05065E2-0028-3E74-BCAA-666CF05315B1}"
	ProjectSection(ProjectDependencies) = postProject
		{5EE05D70-2DA0-34A5-A9E6-5A5C3C089189} = {5EE05D70-2DA0-34A5-A9E6-5A5C3C089189}
		{06FE06CA-1ED3-3667-A9D1-974C49FE98C2} = {06FE06CA-1ED3-3667-A9D1-974C49FE98C2}
	EndProjectSection
EndProject
Project("{8BC9CEB8-8B4A-11D0-8D11-00A0C91BC942}") = "run-emitter", "tests\run-emitter.vcxproj", "{95FFEC06-3D39-3650-B76F-12816C84F1D0}"
	ProjectSection(ProjectDependencies) = postProject
		{5EE05D70-2DA0-34A5-A9E6-5A5C3C089189} = {5EE05D70-2DA0-34A5-A9E6-5A5C3C089189}
		{06FE06CA-1ED3-3667-A9D1-974C49FE98C2} = {06FE06CA-1ED3-3667-A9D1-974C49FE98C2}
	EndProjectSection
EndProject
Project("{8BC9CEB8-8B4A-11D0-8D11-00A0C91BC942}") = "run-emitter-test-suite", "tests\run-emitter-test-suite.vcxproj", "{D2E7B95D-AEEA-3C9D-8E3C-52888E6C1E8E}"
	ProjectSection(ProjectDependencies) = postProject
		{5EE05D70-2DA0-34A5-A9E6-5A5C3C089189} = {5EE05D70-2DA0-34A5-A9E6-5A5C3C089189}
		{06FE06CA-1ED3-3667-A9D1-974C49FE98C2} = {06FE06CA-1ED3-3667-A9D1-974C49FE98C2}
	EndProjectSection
EndProject
Project("{8BC9CEB8-8B4A-11D0-8D11-00A0C91BC942}") = "run-loader", "tests\run-loader.vcxproj", "{ADB146F4-47EC-35C1-BAD0-9BA5FF3AC77F}"
	ProjectSection(ProjectDependencies) = postProject
		{5EE05D70-2DA0-34A5-A9E6-5A5C3C089189} = {5EE05D70-2DA0-34A5-A9E6-5A5C3C089189}
		{06FE06CA-1ED3-3667-A9D1-974C49FE98C2} = {06FE06CA-1ED3-3667-A9D1-974C49FE98C2}
	EndProjectSection
EndProject
Project("{8BC9CEB8-8B4A-11D0-8D11-00A0C91BC942}") = "run-parser", "tests\run-parser.vcxproj", "{BDD73B33-D015-3ECC-A88D-A817834A215B}"
	ProjectSection(ProjectDependencies) = postProject
		{5EE05D70-2DA0-34A5-A9E6-5A5C3C089189} = {5EE05D70-2DA0-34A5-A9E6-5A5C3C089189}
		{06FE06CA-1ED3-3667-A9D1-974C49FE98C2} = {06FE06CA-1ED3-3667-A9D1-974C49FE98C2}
	EndProjectSection
EndProject
Project("{8BC9CEB8-8B4A-11D0-8D11-00A0C91BC942}") = "run-parser-test-suite", "tests\run-parser-test-suite.vcxproj", "{15A088B3-62C0-328C-92CC-1D3927B9EFA8}"
	ProjectSection(ProjectDependencies) = postProject
		{5EE05D70-2DA0-34A5-A9E6-5A5C3C089189} = {5EE05D70-2DA0-34A5-A9E6-5A5C3C089189}
		{06FE06CA-1ED3-3667-A9D1-974C49FE98C2} = {06FE06CA-1ED3-3667-A9D1-974C49FE98C2}
	EndProjectSection
EndProject
Project("{8BC9CEB8-8B4A-11D0-8D11-00A0C91BC942}") = "run-scanner", "tests\run-scanner.vcxproj", "{D1D1611B-D735-385C-A735-C02D6399FC0B}"
	ProjectSection(ProjectDependencies) = postProject
		{5EE05D70-2DA0-34A5-A9E6-5A5C3C089189} = {5EE05D70-2DA0-34A5-A9E6-5A5C3C089189}
		{06FE06CA-1ED3-3667-A9D1-974C49FE98C2} = {06FE06CA-1ED3-3667-A9D1-974C49FE98C2}
	EndProjectSection
EndProject
Project("{8BC9CEB8-8B4A-11D0-8D11-00A0C91BC942}") = "test-reader", "tests\test-reader.vcxproj", "{C6B8CE50-80D6-3DDC-9960-9F7FF2047E4E}"
	ProjectSection(ProjectDependencies) = postProject
		{5EE05D70-2DA0-34A5-A9E6-5A5C3C089189} = {5EE05D70-2DA0-34A5-A9E6-5A5C3C089189}
		{06FE06CA-1ED3-3667-A9D1-974C49FE98C2} = {06FE06CA-1ED3-3667-A9D1-974C49FE98C2}
	EndProjectSection
EndProject
Project("{8BC9CEB8-8B4A-11D0-8D11-00A0C91BC942}") = "test-version", "tests\test-version.vcxproj", "{66886050-7A75-32D3-AD1B-A84B0EE1CC4D}"
	ProjectSection(ProjectDependencies) = postProject
		{5EE05D70-2DA0-34A5-A9E6-5A5C3C089189} = {5EE05D70-2DA0-34A5-A9E6-5A5C3C089189}
		{06FE06CA-1ED3-3667-A9D1-974C49FE98C2} = {06FE06CA-1ED3-3667-A9D1-974C49FE98C2}
	EndProjectSection
EndProject
Project("{8BC9CEB8-8B4A-11D0-8D11-00A0C91BC942}") = "yaml", "yaml.vcxproj", "{06FE06CA-1ED3-3667-A9D1-974C49FE98C2}"
	ProjectSection(ProjectDependencies) = postProject
		{5EE05D70-2DA0-34A5-A9E6-5A5C3C089189} = {5EE05D70-2DA0-34A5-A9E6-5A5C3C089189}
	EndProjectSection
EndProject
Global
	GlobalSection(SolutionConfigurationPlatforms) = preSolution
		Debug|x64 = Debug|x64
		Release|x64 = Release|x64
		MinSizeRel|x64 = MinSizeRel|x64
		RelWithDebInfo|x64 = RelWithDebInfo|x64
	EndGlobalSection
	GlobalSection(ProjectConfigurationPlatforms) = postSolution
		{8C8E430C-D7CF-3A99-AF40-813A4D2EABAE}.Debug|x64.ActiveCfg = Debug|x64
		{8C8E430C-D7CF-3A99-AF40-813A4D2EABAE}.Debug|x64.Build.0 = Debug|x64
		{8C8E430C-D7CF-3A99-AF40-813A4D2EABAE}.Release|x64.ActiveCfg = Release|x64
		{8C8E430C-D7CF-3A99-AF40-813A4D2EABAE}.Release|x64.Build.0 = Release|x64
		{8C8E430C-D7CF-3A99-AF40-813A4D2EABAE}.MinSizeRel|x64.ActiveCfg = MinSizeRel|x64
		{8C8E430C-D7CF-3A99-AF40-813A4D2EABAE}.MinSizeRel|x64.Build.0 = MinSizeRel|x64
		{8C8E430C-D7CF-3A99-AF40-813A4D2EABAE}.RelWithDebInfo|x64.ActiveCfg = RelWithDebInfo|x64
		{8C8E430C-D7CF-3A99-AF40-813A4D2EABAE}.RelWithDebInfo|x64.Build.0 = RelWithDebInfo|x64
		{ADAE668B-8478-346A-8792-8E44A4DC7C8D}.Debug|x64.ActiveCfg = Debug|x64
		{ADAE668B-8478-346A-8792-8E44A4DC7C8D}.Release|x64.ActiveCfg = Release|x64
		{ADAE668B-8478-346A-8792-8E44A4DC7C8D}.MinSizeRel|x64.ActiveCfg = MinSizeRel|x64
		{ADAE668B-8478-346A-8792-8E44A4DC7C8D}.RelWithDebInfo|x64.ActiveCfg = RelWithDebInfo|x64
		{BA1C0123-A1F1-3C55-9FA5-EA98D330EFA3}.Debug|x64.ActiveCfg = Debug|x64
		{BA1C0123-A1F1-3C55-9FA5-EA98D330EFA3}.Release|x64.ActiveCfg = Release|x64
		{BA1C0123-A1F1-3C55-9FA5-EA98D330EFA3}.MinSizeRel|x64.ActiveCfg = MinSizeRel|x64
		{BA1C0123-A1F1-3C55-9FA5-EA98D330EFA3}.RelWithDebInfo|x64.ActiveCfg = RelWithDebInfo|x64
		{E448B294-FE1B-350B-A06F-8ADB7E31246B}.Debug|x64.ActiveCfg = Debug|x64
		{E448B294-FE1B-350B-A06F-8ADB7E31246B}.Release|x64.ActiveCfg = Release|x64
		{E448B294-FE1B-350B-A06F-8ADB7E31246B}.MinSizeRel|x64.ActiveCfg = MinSizeRel|x64
		{E448B294-FE1B-350B-A06F-8ADB7E31246B}.RelWithDebInfo|x64.ActiveCfg = RelWithDebInfo|x64
		{8BEDB580-D660-323D-8C73-D7226BAA5CFA}.Debug|x64.ActiveCfg = Debug|x64
		{8BEDB580-D660-323D-8C73-D7226BAA5CFA}.Release|x64.ActiveCfg = Release|x64
		{8BEDB580-D660-323D-8C73-D7226BAA5CFA}.MinSizeRel|x64.ActiveCfg = MinSizeRel|x64
		{8BEDB580-D660-323D-8C73-D7226BAA5CFA}.RelWithDebInfo|x64.ActiveCfg = RelWithDebInfo|x64
		{15D54093-81EC-3477-BF18-A3827ECB1BCC}.Debug|x64.ActiveCfg = Debug|x64
		{15D54093-81EC-3477-BF18-A3827ECB1BCC}.Release|x64.ActiveCfg = Release|x64
		{15D54093-81EC-3477-BF18-A3827ECB1BCC}.MinSizeRel|x64.ActiveCfg = MinSizeRel|x64
		{15D54093-81EC-3477-BF18-A3827ECB1BCC}.RelWithDebInfo|x64.ActiveCfg = RelWithDebInfo|x64
		{186B34EF-126B-31E4-B394-73D14AF5E77A}.Debug|x64.ActiveCfg = Debug|x64
		{186B34EF-126B-31E4-B394-73D14AF5E77A}.Release|x64.ActiveCfg = Release|x64
		{186B34EF-126B-31E4-B394-73D14AF5E77A}.MinSizeRel|x64.ActiveCfg = MinSizeRel|x64
		{186B34EF-126B-31E4-B394-73D14AF5E77A}.RelWithDebInfo|x64.ActiveCfg = RelWithDebInfo|x64
		{5EE05D70-2DA0-34A5-A9E6-5A5C3C089189}.Debug|x64.ActiveCfg = Debug|x64
		{5EE05D70-2DA0-34A5-A9E6-5A5C3C089189}.Debug|x64.Build.0 = Debug|x64
		{5EE05D70-2DA0-34A5-A9E6-5A5C3C089189}.Release|x64.ActiveCfg = Release|x64
		{5EE05D70-2DA0-34A5-A9E6-5A5C3C089189}.Release|x64.Build.0 = Release|x64
		{5EE05D70-2DA0-34A5-A9E6-5A5C3C089189}.MinSizeRel|x64.ActiveCfg = MinSizeRel|x64
		{5EE05D70-2DA0-34A5-A9E6-5A5C3C089189}.MinSizeRel|x64.Build.0 = MinSizeRel|x64
		{5EE05D70-2DA0-34A5-A9E6-5A5C3C089189}.RelWithDebInfo|x64.ActiveCfg = RelWithDebInfo|x64
		{5EE05D70-2DA0-34A5-A9E6-5A5C3C089189}.RelWithDebInfo|x64.Build.0 = RelWithDebInfo|x64
		{D1D6D9D9-F470-3842-B69E-BB5B4BC7360B}.Debug|x64.ActiveCfg = Debug|x64
		{D1D6D9D9-F470-3842-B69E-BB5B4BC7360B}.Debug|x64.Build.0 = Debug|x64
		{D1D6D9D9-F470-3842-B69E-BB5B4BC7360B}.Release|x64.ActiveCfg = Release|x64
		{D1D6D9D9-F470-3842-B69E-BB5B4BC7360B}.Release|x64.Build.0 = Release|x64
		{D1D6D9D9-F470-3842-B69E-BB5B4BC7360B}.MinSizeRel|x64.ActiveCfg = MinSizeRel|x64
		{D1D6D9D9-F470-3842-B69E-BB5B4BC7360B}.MinSizeRel|x64.Build.0 = MinSizeRel|x64
		{D1D6D9D9-F470-3842-B69E-BB5B4BC7360B}.RelWithDebInfo|x64.ActiveCfg = RelWithDebInfo|x64
		{D1D6D9D9-F470-3842-B69E-BB5B4BC7360B}.RelWithDebInfo|x64.Build.0 = RelWithDebInfo|x64
		{63C00217-91F8-3540-8711-6A9DE2C2CF15}.Debug|x64.ActiveCfg = Debug|x64
		{63C00217-91F8-3540-8711-6A9DE2C2CF15}.Debug|x64.Build.0 = Debug|x64
		{63C00217-91F8-3540-8711-6A9DE2C2CF15}.Release|x64.ActiveCfg = Release|x64
		{63C00217-91F8-3540-8711-6A9DE2C2CF15}.Release|x64.Build.0 = Release|x64
		{63C00217-91F8-3540-8711-6A9DE2C2CF15}.MinSizeRel|x64.ActiveCfg = MinSizeRel|x64
		{63C00217-91F8-3540-8711-6A9DE2C2CF15}.MinSizeRel|x64.Build.0 = MinSizeRel|x64
		{63C00217-91F8-3540-8711-6A9DE2C2CF15}.RelWithDebInfo|x64.ActiveCfg = RelWithDebInfo|x64
		{63C00217-91F8-3540-8711-6A9DE2C2CF15}.RelWithDebInfo|x64.Build.0 = RelWithDebInfo|x64
		{61414694-4484-35F2-839E-ECBC54E54043}.Debug|x64.ActiveCfg = Debug|x64
		{61414694-4484-35F2-839E-ECBC54E54043}.Debug|x64.Build.0 = Debug|x64
		{61414694-4484-35F2-839E-ECBC54E54043}.Release|x64.ActiveCfg = Release|x64
		{61414694-4484-35F2-839E-ECBC54E54043}.Release|x64.Build.0 = Release|x64
		{61414694-4484-35F2-839E-ECBC54E54043}.MinSizeRel|x64.ActiveCfg = MinSizeRel|x64
		{61414694-4484-35F2-839E-ECBC54E54043}.MinSizeRel|x64.Build.0 = MinSizeRel|x64
		{61414694-4484-35F2-839E-ECBC54E54043}.RelWithDebInfo|x64.ActiveCfg = RelWithDebInfo|x64
		{61414694-4484-35F2-839E-ECBC54E54043}.RelWithDebInfo|x64.Build.0 = RelWithDebInfo|x64
		{647E09BC-D25F-3EDC-ADD0-0A0A0864CE9C}.Debug|x64.ActiveCfg = Debug|x64
		{647E09BC-D25F-3EDC-ADD0-0A0A0864CE9C}.Debug|x64.Build.0 = Debug|x64
		{647E09BC-D25F-3EDC-ADD0-0A0A0864CE9C}.Release|x64.ActiveCfg = Release|x64
		{647E09BC-D25F-3EDC-ADD0-0A0A0864CE9C}.Release|x64.Build.0 = Release|x64
		{647E09BC-D25F-3EDC-ADD0-0A0A0864CE9C}.MinSizeRel|x64.ActiveCfg = MinSizeRel|x64
		{647E09BC-D25F-3EDC-ADD0-0A0A0864CE9C}.MinSizeRel|x64.Build.0 = MinSizeRel|x64
		{647E09BC-D25F-3EDC-ADD0-0A0A0864CE9C}.RelWithDebInfo|x64.ActiveCfg = RelWithDebInfo|x64
		{647E09BC-D25F-3EDC-ADD0-0A0A0864CE9C}.RelWithDebInfo|x64.Build.0 = RelWithDebInfo|x64
		{A05065E2-0028-3E74-BCAA-666CF05315B1}.Debug|x64.ActiveCfg = Debug|x64
		{A05065E2-0028-3E74-BCAA-666CF05315B1}.Debug|x64.Build.0 = Debug|x64
		{A05065E2-0028-3E74-BCAA-666CF05315B1}.Release|x64.ActiveCfg = Release|x64
		{A05065E2-0028-3E74-BCAA-666CF05315B1}.Release|x64.Build.0 = Release|x64
		{A05065E2-0028-3E74-BCAA-666CF05315B1}.MinSizeRel|x64.ActiveCfg = MinSizeRel|x64
		{A05065E2-0028-3E74-BCAA-666CF05315B1}.MinSizeRel|x64.Build.0 = MinSizeRel|x64
		{A05065E2-0028-3E74-BCAA-666CF05315B1}.RelWithDebInfo|x64.ActiveCfg = RelWithDebInfo|x64
		{A05065E2-0028-3E74-BCAA-666CF05315B1}.RelWithDebInfo|x64.Build.0 = RelWithDebInfo|x64
		{95FFEC06-3D39-3650-B76F-12816C84F1D0}.Debug|x64.ActiveCfg = Debug|x64
		{95FFEC06-3D39-3650-B76F-12816C84F1D0}.Debug|x64.Build.0 = Debug|x64
		{95FFEC06-3D39-3650-B76F-12816C84F1D0}.Release|x64.ActiveCfg = Release|x64
		{95FFEC06-3D39-3650-B76F-12816C84F1D0}.Release|x64.Build.0 = Release|x64
		{95FFEC06-3D39-3650-B76F-12816C84F1D0}.MinSizeRel|x64.ActiveCfg = MinSizeRel|x64
		{95FFEC06-3D39-3650-B76F-12816C84F1D0}.MinSizeRel|x64.Build.0 = MinSizeRel|x64
		{95FFEC06-3D39-3650-B76F-12816C84F1D0}.RelWithDebInfo|x64.ActiveCfg = RelWithDebInfo|x64
		{95FFEC06-3D39-3650-B76F-12816C84F1D0}.RelWithDebInfo|x64.Build.0 = RelWithDebInfo|x64
		{D2E7B95D-AEEA-3C9D-8E3C-52888E6C1E8E}.Debug|x64.ActiveCfg = Debug|x64
		{D2E7B95D-AEEA-3C9D-8E3C-52888E6C1E8E}.Debug|x64.Build.0 = Debug|x64
		{D2E7B95D-AEEA-3C9D-8E3C-52888E6C1E8E}.Release|x64.ActiveCfg = Release|x64
		{D2E7B95D-AEEA-3C9D-8E3C-52888E6C1E8E}.Release|x64.Build.0 = Release|x64
		{D2E7B95D-AEEA-3C9D-8E3C-52888E6C1E8E}.MinSizeRel|x64.ActiveCfg = MinSizeRel|x64
		{D2E7B95D-AEEA-3C9D-8E3C-52888E6C1E8E}.MinSizeRel|x64.Build.0 = MinSizeRel|x64
		{D2E7B95D-AEEA-3C9D-8E3C-52888E6C1E8E}.RelWithDebInfo|x64.ActiveCfg = RelWithDebInfo|x64
		{D2E7B95D-AEEA-3C9D-8E3C-52888E6C1E8E}.RelWithDebInfo|x64.Build.0 = RelWithDebInfo|x64
		{ADB146F4-47EC-35C1-BAD0-9BA5FF3AC77F}.Debug|x64.ActiveCfg = Debug|x64
		{ADB146F4-47EC-35C1-BAD0-9BA5FF3AC77F}.Debug|x64.Build.0 = Debug|x64
		{ADB146F4-47EC-35C1-BAD0-9BA5FF3AC77F}.Release|x64.ActiveCfg = Release|x64
		{ADB146F4-47EC-35C1-BAD0-9BA5FF3AC77F}.Release|x64.Build.0 = Release|x64
		{ADB146F4-47EC-35C1-BAD0-9BA5FF3AC77F}.MinSizeRel|x64.ActiveCfg = MinSizeRel|x64
		{ADB146F4-47EC-35C1-BAD0-9BA5FF3AC77F}.MinSizeRel|x64.Build.0 = MinSizeRel|x64
		{ADB146F4-47EC-35C1-BAD0-9BA5FF3AC77F}.RelWithDebInfo|x64.ActiveCfg = RelWithDebInfo|x64
		{ADB146F4-47EC-35C1-BAD0-9BA5FF3AC77F}.RelWithDebInfo|x64.Build.0 = RelWithDebInfo|x64
		{BDD73B33-D015-3ECC-A88D-A817834A215B}.Debug|x64.ActiveCfg = Debug|x64
		{BDD73B33-D015-3ECC-A88D-A817834A215B}.Debug|x64.Build.0 = Debug|x64
		{BDD73B33-D015-3ECC-A88D-A817834A215B}.Release|x64.ActiveCfg = Release|x64
		{BDD73B33-D015-3ECC-A88D-A817834A215B}.Release|x64.Build.0 = Release|x64
		{BDD73B33-D015-3ECC-A88D-A817834A215B}.MinSizeRel|x64.ActiveCfg = MinSizeRel|x64
		{BDD73B33-D015-3ECC-A88D-A817834A215B}.MinSizeRel|x64.Build.0 = MinSizeRel|x64
		{BDD73B33-D015-3ECC-A88D-A817834A215B}.RelWithDebInfo|x64.ActiveCfg = RelWithDebInfo|x64
		{BDD73B33-D015-3ECC-A88D-A817834A215B}.RelWithDebInfo|x64.Build.0 = RelWithDebInfo|x64
		{15A088B3-62C0-328C-92CC-1D3927B9EFA8}.Debug|x64.ActiveCfg = Debug|x64
		{15A088B3-62C0-328C-92CC-1D3927B9EFA8}.Debug|x64.Build.0 = Debug|x64
		{15A088B3-62C0-328C-92CC-1D3927B9EFA8}.Release|x64.ActiveCfg = Release|x64
		{15A088B3-62C0-328C-92CC-1D3927B9EFA8}.Release|x64.Build.0 = Release|x64
		{15A088B3-62C0-328C-92CC-1D3927B9EFA8}.MinSizeRel|x64.ActiveCfg = MinSizeRel|x64
		{15A088B3-62C0-328C-92CC-1D3927B9EFA8}.MinSizeRel|x64.Build.0 = MinSizeRel|x64
		{15A088B3-62C0-328C-92CC-1D3927B9EFA8}.RelWithDebInfo|x64.ActiveCfg = RelWithDebInfo|x64
		{15A088B3-62C0-328C-92CC-1D3927B9EFA8}.RelWithDebInfo|x64.Build.0 = RelWithDebInfo|x64
		{D1D1611B-D735-385C-A735-C02D6399FC0B}.Debug|x64.ActiveCfg = Debug|x64
		{D1D1611B-D735-385C-A735-C02D6399FC0B}.Debug|x64.Build.0 = Debug|x64
		{D1D1611B-D735-385C-A735-C02D6399FC0B}.Release|x64.ActiveCfg = Release|x64
		{D1D1611B-D735-385C-A735-C02D6399FC0B}.Release|x64.Build.0 = Release|x64
		{D1D1611B-D735-385C-A735-C02D6399FC0B}.MinSizeRel|x64.ActiveCfg = MinSizeRel|x64
		{D1D1611B-D735-385C-A735-C02D6399FC0B}.MinSizeRel|x64.Build.0 = MinSizeRel|x64
		{D1D1611B-D735-385C-A735-C02D6399FC0B}.RelWithDebInfo|x64.ActiveCfg = RelWithDebInfo|x64
		{D1D1611B-D735-385C-A735-C02D6399FC0B}.RelWithDebInfo|x64.Build.0 = RelWithDebInfo|x64
		{C6B8CE50-80D6-3DDC-9960-9F7FF2047E4E}.Debug|x64.ActiveCfg = Debug|x64
		{C6B8CE50-80D6-3DDC-9960-9F7FF2047E4E}.Debug|x64.Build.0 = Debug|x64
		{C6B8CE50-80D6-3DDC-9960-9F7FF2047E4E}.Release|x64.ActiveCfg = Release|x64
		{C6B8CE50-80D6-3DDC-9960-9F7FF2047E4E}.Release|x64.Build.0 = Release|x64
		{C6B8CE50-80D6-3DDC-9960-9F7FF2047E4E}.MinSizeRel|x64.ActiveCfg = MinSizeRel|x64
		{C6B8CE50-80D6-3DDC-9960-9F7FF2047E4E}.MinSizeRel|x64.Build.0 = MinSizeRel|x64
		{C6B8CE50-80D6-3DDC-9960-9F7FF2047E4E}.RelWithDebInfo|x64.ActiveCfg = RelWithDebInfo|x64
		{C6B8CE50-80D6-3DDC-9960-9F7FF2047E4E}.RelWithDebInfo|x64.Build.0 = RelWithDebInfo|x64
		{66886050-7A75-32D3-AD1B-A84B0EE1CC4D}.Debug|x64.ActiveCfg = Debug|x64
		{66886050-7A75-32D3-AD1B-A84B0EE1CC4D}.Debug|x64.Build.0 = Debug|x64
		{66886050-7A75-32D3-AD1B-A84B0EE1CC4D}.Release|x64.ActiveCfg = Release|x64
		{66886050-7A75-32D3-AD1B-A84B0EE1CC4D}.Release|x64.Build.0 = Release|x64
		{66886050-7A75-32D3-AD1B-A84B0EE1CC4D}.MinSizeRel|x64.ActiveCfg = MinSizeRel|x64
		{66886050-7A75-32D3-AD1B-A84B0EE1CC4D}.MinSizeRel|x64.Build.0 = MinSizeRel|x64
		{66886050-7A75-32D3-AD1B-A84B0EE1CC4D}.RelWithDebInfo|x64.ActiveCfg = RelWithDebInfo|x64
		{66886050-7A75-32D3-AD1B-A84B0EE1CC4D}.RelWithDebInfo|x64.Build.0 = RelWithDebInfo|x64
		{06FE06CA-1ED3-3667-A9D1-974C49FE98C2}.Debug|x64.ActiveCfg = Debug|x64
		{06FE06CA-1ED3-3667-A9D1-974C49FE98C2}.Debug|x64.Build.0 = Debug|x64
		{06FE06CA-1ED3-3667-A9D1-974C49FE98C2}.Release|x64.ActiveCfg = Release|x64
		{06FE06CA-1ED3-3667-A9D1-974C49FE98C2}.Release|x64.Build.0 = Release|x64
		{06FE06CA-1ED3-3667-A9D1-974C49FE98C2}.MinSizeRel|x64.ActiveCfg = MinSizeRel|x64
		{06FE06CA-1ED3-3667-A9D1-974C49FE98C2}.MinSizeRel|x64.Build.0 = MinSizeRel|x64
		{06FE06CA-1ED3-3667-A9D1-974C49FE98C2}.RelWithDebInfo|x64.ActiveCfg = RelWithDebInfo|x64
		{06FE06CA-1ED3-3667-A9D1-974C49FE98C2}.RelWithDebInfo|x64.Build.0 = RelWithDebInfo|x64
	EndGlobalSection
	GlobalSection(ExtensibilityGlobals) = postSolution
		SolutionGuid = {BA2464F5-FA49-3061-9E86-DE1B51225350}
	EndGlobalSection
	GlobalSection(ExtensibilityAddIns) = postSolution
	EndGlobalSection
EndGlobal
